
Microsoft Visual Studio Solution File, Format Version 12.00
# Visual Studio Version 17
VisualStudioVersion = 17.14.36408.4 d17.14
MinimumVisualStudioVersion = 10.0.40219.1
Project("{FAE04EC0-301F-11D3-BF4B-00C04F79EFBC}") = "DMassage", "DMassage.csproj", "{35CDB03E-11D6-4DDD-9D60-9B4DFCEE4638}"
EndProject
Global
	GlobalSection(SolutionConfigurationPlatforms) = preSolution
		Debug|Any CPU = Debug|Any CPU
		Release|Any CPU = Release|Any CPU
	EndGlobalSection
	GlobalSection(ProjectConfigurationPlatforms) = postSolution
		{35CDB03E-11D6-4DDD-9D60-9B4DFCEE4638}.Debug|Any CPU.ActiveCfg = Debug|Any CPU
		{35CDB03E-11D6-4DDD-9D60-9B4DFCEE4638}.Debug|Any CPU.Build.0 = Debug|Any CPU
		{35CDB03E-11D6-4DDD-9D60-9B4DFCEE4638}.Release|Any CPU.ActiveCfg = Release|Any CPU
		{35CDB03E-11D6-4DDD-9D60-9B4DFCEE4638}.Release|Any CPU.Build.0 = Release|Any CPU
	EndGlobalSection
	GlobalSection(SolutionProperties) = preSolution
		HideSolutionNode = FALSE
	EndGlobalSection
	GlobalSection(ExtensibilityGlobals) = postSolution
		SolutionGuid = {8B9C2830-4B46-43CD-86BD-F7C14AB0AF75}
	EndGlobalSection
EndGlobal
